{
  "name": "ajs2",
  "version": "1.0.0",
  "lockfileVersion": 3,
  "requires": true,
  "packages": {
    "": {
      "name": "ajs2",
      "version": "1.0.0",
      "license": "ISC",
      "dependencies": {
        "@ekaterina986/ajs": "^1.0.0"
      }
    },
    "node_modules/@ekaterina986/ajs": {
      "version": "1.0.0",
      "resolved": "https://npm.pkg.github.com/download/@ekaterina986/ajs/1.0.0/78fcafdcc54cc485b8000ba8d5b1567568a2fc86",
      "integrity": "sha512-gKph2FQ4hraHmwT3emtzo79a9kWUCpfuwYl3PuXz5mfjHDxifsEt3R6WpjA5J6t/VVgXqMrWEVhK5EfCTTdw6Q==",
      "license": "ISC"
    }
  }
}
